// !$*UTF8*$!
{
	archiveVersion = 1;
	classes = {
	};
	objectVersion = 46;
	objects = {

/* Begin PBXBuildFile section */
		F324968A1DDD6114009496E0 /* AppDelegate.swift in Sources */ = {isa = PBXBuildFile; fileRef = F32496891DDD6114009496E0 /* AppDelegate.swift */; };
		F324968F1DDD6114009496E0 /* Main.storyboard in Resources */ = {isa = PBXBuildFile; fileRef = F324968D1DDD6114009496E0 /* Main.storyboard */; };
		F32496911DDD6114009496E0 /* Assets.xcassets in Resources */ = {isa = PBXBuildFile; fileRef = F32496901DDD6114009496E0 /* Assets.xcassets */; };
		F32496941DDD6114009496E0 /* LaunchScreen.storyboard in Resources */ = {isa = PBXBuildFile; fileRef = F32496921DDD6114009496E0 /* LaunchScreen.storyboard */; };
		F324969C1DDD6318009496E0 /* HomeVC.swift in Sources */ = {isa = PBXBuildFile; fileRef = F324969B1DDD6318009496E0 /* HomeVC.swift */; };
		F324969E1DDD8427009496E0 /* MenuVC.swift in Sources */ = {isa = PBXBuildFile; fileRef = F324969D1DDD8427009496E0 /* MenuVC.swift */; };
		F32496A01DDD8973009496E0 /* MenuTransitionHepler.swift in Sources */ = {isa = PBXBuildFile; fileRef = F324969F1DDD8973009496E0 /* MenuTransitionHepler.swift */; };
/* End PBXBuildFile section */

/* Begin PBXFileReference section */
		F32496861DDD6114009496E0 /* Transition.app */ = {isa = PBXFileReference; explicitFileType = wrapper.application; includeInIndex = 0; path = Transition.app; sourceTree = BUILT_PRODUCTS_DIR; };
		F32496891DDD6114009496E0 /* AppDelegate.swift */ = {isa = PBXFileReference; lastKnownFileType = sourcecode.swift; path = AppDelegate.swift; sourceTree = "<group>"; };
		F324968E1DDD6114009496E0 /* Base */ = {isa = PBXFileReference; lastKnownFileType = file.storyboard; name = Base; path = Base.lproj/Main.storyboard; sourceTree = "<group>"; };
		F32496901DDD6114009496E0 /* Assets.xcassets */ = {isa = PBXFileReference; lastKnownFileType = folder.assetcatalog; path = Assets.xcassets; sourceTree = "<group>"; };
		F32496931DDD6114009496E0 /* Base */ = {isa = PBXFileReference; lastKnownFileType = file.storyboard; name = Base; path = Base.lproj/LaunchScreen.storyboard; sourceTree = "<group>"; };
		F32496951DDD6114009496E0 /* Info.plist */ = {isa = PBXFileReference; lastKnownFileType = text.plist.xml; path = Info.plist; sourceTree = "<group>"; };
		F324969B1DDD6318009496E0 /* HomeVC.swift */ = {isa = PBXFileReference; fileEncoding = 4; lastKnownFileType = sourcecode.swift; path = HomeVC.swift; sourceTree = "<group>"; };
		F324969D1DDD8427009496E0 /* MenuVC.swift */ = {isa = PBXFileReference; fileEncoding = 4; lastKnownFileType = sourcecode.swift; path = MenuVC.swift; sourceTree = "<group>"; };
		F324969F1DDD8973009496E0 /* MenuTransitionHepler.swift */ = {isa = PBXFileReference; fileEncoding = 4; lastKnownFileType = sourcecode.swift; path = MenuTransitionHepler.swift; sourceTree = "<group>"; };
/* End PBXFileReference section */

/* Begin PBXFrameworksBuildPhase section */
		F32496831DDD6114009496E0 /* Frameworks */ = {
			isa = PBXFrameworksBuildPhase;
			buildActionMask = 2147483647;
			files = (
			);
			runOnlyForDeploymentPostprocessing = 0;
		};
/* End PBXFrameworksBuildPhase section */

/* Begin PBXGroup section */
		F324967D1DDD6114009496E0 = {
			isa = PBXGroup;
			children = (
				F32496881DDD6114009496E0 /* Transition */,
				F32496871DDD6114009496E0 /* Products */,
			);
			sourceTree = "<group>";
		};
		F32496871DDD6114009496E0 /* Products */ = {
			isa = PBXGroup;
			children = (
				F32496861DDD6114009496E0 /* Transition.app */,
			);
			name = Products;
			sourceTree = "<group>";
		};
		F32496881DDD6114009496E0 /* Transition */ = {
			isa = PBXGroup;
			children = (
				F32496891DDD6114009496E0 /* AppDelegate.swift */,
				F324969B1DDD6318009496E0 /* HomeVC.swift */,
				F324969D1DDD8427009496E0 /* MenuVC.swift */,
				F324969F1DDD8973009496E0 /* MenuTransitionHepler.swift */,
				F324968D1DDD6114009496E0 /* Main.storyboard */,
				F32496901DDD6114009496E0 /* Assets.xcassets */,
				F32496921DDD6114009496E0 /* LaunchScreen.storyboard */,
				F32496951DDD6114009496E0 /* Info.plist */,
			);
			path = Transition;
			sourceTree = "<group>";
		};
/* End PBXGroup section */

/* Begin PBXNativeTarget section */
		F32496851DDD6114009496E0 /* Transition */ = {
			isa = PBXNativeTarget;
			buildConfigurationList = F32496981DDD6114009496E0 /* Build configuration list for PBXNativeTarget "Transition" */;
			buildPhases = (
				F32496821DDD6114009496E0 /* Sources */,
				F32496831DDD6114009496E0 /* Frameworks */,
				F32496841DDD6114009496E0 /* Resources */,
			);
			buildRules = (
			);
			dependencies = (
			);
			name = Transition;
			productName = Transition;
			productReference = F32496861DDD6114009496E0 /* Transition.app */;
			productType = "com.apple.product-type.application";
		};
/* End PBXNativeTarget section */

/* Begin PBXProject section */
		F324967E1DDD6114009496E0 /* Project object */ = {
			isa = PBXProject;
			attributes = {
				LastSwiftUpdateCheck = 0810;
				LastUpgradeCheck = 0810;
				ORGANIZATIONNAME = zyh;
				TargetAttributes = {
					F32496851DDD6114009496E0 = {
						CreatedOnToolsVersion = 8.1;
						DevelopmentTeam = N4Y4D3CYVQ;
						ProvisioningStyle = Automatic;
					};
				};
			};
			buildConfigurationList = F32496811DDD6114009496E0 /* Build configuration list for PBXProject "Transition" */;
			compatibilityVersion = "Xcode 3.2";
			developmentRegion = English;
			hasScannedForEncodings = 0;
			knownRegions = (
				en,
				Base,
			);
			mainGroup = F324967D1DDD6114009496E0;
			productRefGroup = F32496871DDD6114009496E0 /* Products */;
			projectDirPath = "";
			projectRoot = "";
			targets = (
				F32496851DDD6114009496E0 /* Transition */,
			);
		};
/* End PBXProject section */

/* Begin PBXResourcesBuildPhase section */
		F32496841DDD6114009496E0 /* Resources */ = {
			isa = PBXResourcesBuildPhase;
			buildActionMask = 2147483647;
			files = (
				F32496941DDD6114009496E0 /* LaunchScreen.storyboard in Resources */,
				F32496911DDD6114009496E0 /* Assets.xcassets in Resources */,
				F324968F1DDD6114009496E0 /* Main.storyboard in Resources */,
			);
			runOnlyForDeploymentPostprocessing = 0;
		};
/* End PBXResourcesBuildPhase section */

/* Begin PBXSourcesBuildPhase section */
		F32496821DDD6114009496E0 /* Sources */ = {
			isa = PBXSourcesBuildPhase;
			buildActionMask = 2147483647;
			files = (
				F324968A1DDD6114009496E0 /* AppDelegate.swift in Sources */,
				F32496A01DDD8973009496E0 /* MenuTransitionHepler.swift in Sources */,
				F324969C1DDD6318009496E0 /* HomeVC.swift in Sources */,
				F324969E1DDD8427009496E0 /* MenuVC.swift in Sources */,
			);
			runOnlyForDeploymentPostprocessing = 0;
		};
/* End PBXSourcesBuildPhase section */

/* Begin PBXVariantGroup section */
		F324968D1DDD6114009496E0 /* Main.storyboard */ = {
			isa = PBXVariantGroup;
			children = (
				F324968E1DDD6114009496E0 /* Base */,
			);
			name = Main.storyboard;
			sourceTree = "<group>";
		};
		F32496921DDD6114009496E0 /* LaunchScreen.storyboard */ = {
			isa = PBXVariantGroup;
			children = (
				F32496931DDD6114009496E0 /* Base */,
			);
			name = LaunchScreen.storyboard;
			sourceTree = "<group>";
		};
/* End PBXVariantGroup section */

/* Begin XCBuildConfiguration section */
		F32496961DDD6114009496E0 /* Debug */ = {
			isa = XCBuildConfiguration;
			buildSettings = {
				ALWAYS_SEARCH_USER_PATHS = NO;
				CLANG_ANALYZER_NONNULL = YES;
				CLANG_CXX_LANGUAGE_STANDARD = "gnu++0x";
				CLANG_CXX_LIBRARY = "libc++";
				CLANG_ENABLE_MODULES = YES;
				CLANG_ENABLE_OBJC_ARC = YES;
				CLANG_WARN_BOOL_CONVERSION = YES;
				CLANG_WARN_CONSTANT_CONVERSION = YES;
				CLANG_WARN_DIRECT_OBJC_ISA_USAGE = YES_ERROR;
				CLANG_WARN_DOCUMENTATION_COMMENTS = YES;
				CLANG_WARN_EMPTY_BODY = YES;
				CLANG_WARN_ENUM_CONVERSION = YES;
				CLANG_WARN_INFINITE_RECURSION = YES;
				CLANG_WARN_INT_CONVERSION = YES;
				CLANG_WARN_OBJC_ROOT_CLASS = YES_ERROR;
				CLANG_WARN_SUSPICIOUS_MOVES = YES;
				CLANG_WARN_UNREACHABLE_CODE = YES;
				CLANG_WARN__DUPLICATE_METHOD_MATCH = YES;
				"CODE_SIGN_IDENTITY[sdk=iphoneos*]" = "iPhone Developer";
				COPY_PHASE_STRIP = NO;
				DEBUG_INFORMATION_FORMAT = dwarf;
				ENABLE_STRICT_OBJC_MSGSEND = YES;
				ENABLE_TESTABILITY = YES;
				GCC_C_LANGUAGE_STANDARD = gnu99;
				GCC_DYNAMIC_NO_PIC = NO;
				GCC_NO_COMMON_BLOCKS = YES;
				GCC_OPTIMIZATION_LEVEL = 0;
				GCC_PREPROCESSOR_DEFINITIONS = (
					"DEBUG=1",
					"$(inherited)",
				);
				GCC_WARN_64_TO_32_BIT_CONVERSION = YES;
				GCC_WARN_ABOUT_RETURN_TYPE = YES_ERROR;
				GCC_WARN_UNDECLARED_SELECTOR = YES;
				GCC_WARN_UNINITIALIZED_AUTOS = YES_AGGRESSIVE;
				GCC_WARN_UNUSED_FUNCTION = YES;
				GCC_WARN_UNUSED_VARIABLE = YES;
				IPHONEOS_DEPLOYMENT_TARGET = 10.1;
				MTL_ENABLE_DEBUG_INFO = YES;
				ONLY_ACTIVE_ARCH = YES;
				SDKROOT = iphoneos;
				SWIFT_ACTIVE_COMPILATION_CONDITIONS = DEBUG;
				SWIFT_OPTIMIZATION_LEVEL = "-Onone";
			};
			name = Debug;
		};
		F32496971DDD6114009496E0 /* Release */ = {
			isa = XCBuildConfiguration;
			buildSettings = {
				ALWAYS_SEARCH_USER_PATHS = NO;
				CLANG_ANALYZER_NONNULL = YES;
				CLANG_CXX_LANGUAGE_STANDARD = "gnu++0x";
				CLANG_CXX_LIBRARY = "libc++";
				CLANG_ENABLE_MODULES = YES;
				CLANG_ENABLE_OBJC_ARC = YES;
				CLANG_WARN_BOOL_CONVERSION = YES;
				CLANG_WARN_CONSTANT_CONVERSION = YES;
				CLANG_WARN_DIRECT_OBJC_ISA_USAGE = YES_ERROR;
				CLANG_WARN_DOCUMENTATION_COMMENTS = YES;
				CLANG_WARN_EMPTY_BODY = YES;
				CLANG_WARN_ENUM_CONVERSION = YES;
				CLANG_WARN_INFINITE_RECURSION = YES;
				CLANG_WARN_INT_CONVERSION = YES;
				CLANG_WARN_OBJC_ROOT_CLASS = YES_ERROR;
				CLANG_WARN_SUSPICIOUS_MOVES = YES;
				CLANG_WARN_UNREACHABLE_CODE = YES;
				CLANG_WARN__DUPLICATE_METHOD_MATCH = YES;
				"CODE_SIGN_IDENTITY[sdk=iphoneos*]" = "iPhone Developer";
				COPY_PHASE_STRIP = NO;
				DEBUG_INFORMATION_FORMAT = "dwarf-with-dsym";
				ENABLE_NS_ASSERTIONS = NO;
				ENABLE_STRICT_OBJC_MSGSEND = YES;
				GCC_C_LANGUAGE_STANDARD = gnu99;
				GCC_NO_COMMON_BLOCKS = YES;
				GCC_WARN_64_TO_32_BIT_CONVERSION = YES;
				GCC_WARN_ABOUT_RETURN_TYPE = YES_ERROR;
				GCC_WARN_UNDECLARED_SELECTOR = YES;
				GCC_WARN_UNINITIALIZED_AUTOS = YES_AGGRESSIVE;
				GCC_WARN_UNUSED_FUNCTION = YES;
				GCC_WARN_UNUSED_VARIABLE = YES;
				IPHONEOS_DEPLOYMENT_TARGET = 10.1;
				MTL_ENABLE_DEBUG_INFO = NO;
				SDKROOT = iphoneos;
				SWIFT_OPTIMIZATION_LEVEL = "-Owholemodule";
				VALIDATE_PRODUCT = YES;
			};
			name = Release;
		};
		F32496991DDD6114009496E0 /* Debug */ = {
			isa = XCBuildConfiguration;
			buildSettings = {
				ASSETCATALOG_COMPILER_APPICON_NAME = AppIcon;
				DEVELOPMENT_TEAM = N4Y4D3CYVQ;
				INFOPLIST_FILE = Transition/Info.plist;
				IPHONEOS_DEPLOYMENT_TARGET = 8.0;
				LD_RUNPATH_SEARCH_PATHS = "$(inherited) @executable_path/Frameworks";
				PRODUCT_BUNDLE_IDENTIFIER = com.ugiant.Transition;
				PRODUCT_NAME = "$(TARGET_NAME)";
				SWIFT_VERSION = 3.0;
			};
			name = Debug;
		};
		F324969A1DDD6114009496E0 /* Release */ = {
			isa = XCBuildConfiguration;
			buildSettings = {
				ASSETCATALOG_COMPILER_APPICON_NAME = AppIcon;
				DEVELOPMENT_TEAM = N4Y4D3CYVQ;
				INFOPLIST_FILE = Transition/Info.plist;
				IPHONEOS_DEPLOYMENT_TARGET = 8.0;
				LD_RUNPATH_SEARCH_PATHS = "$(inherited) @executable_path/Frameworks";
				PRODUCT_BUNDLE_IDENTIFIER = com.ugiant.Transition;
				PRODUCT_NAME = "$(TARGET_NAME)";
				SWIFT_VERSION = 3.0;
			};
			name = Release;
		};
/* End XCBuildConfiguration section */

/* Begin XCConfigurationList section */
		F32496811DDD6114009496E0 /* Build configuration list for PBXProject "Transition" */ = {
			isa = XCConfigurationList;
			buildConfigurations = (
				F32496961DDD6114009496E0 /* Debug */,
				F32496971DDD6114009496E0 /* Release */,
			);
			defaultConfigurationIsVisible = 0;
			defaultConfigurationName = Release;
		};
		F32496981DDD6114009496E0 /* Build configuration list for PBXNativeTarget "Transition" */ = {
			isa = XCConfigurationList;
			buildConfigurations = (
				F32496991DDD6114009496E0 /* Debug */,
				F324969A1DDD6114009496E0 /* Release */,
			);
			defaultConfigurationIsVisible = 0;
		};
/* End XCConfigurationList section */
	};
	rootObject = F324967E1DDD6114009496E0 /* Project object */;
}
